{
  "projects": [
    {
      "projectId": "ohDidvG9XsCeFumugENU3J",
      "version": "4.6.0",
      "dependencies": {},
      "lang": "ts",
      "fileLocks": [
        {
          "assetId": "ohDidvG9XsCeFumugENU3J",
          "type": "projectCss",
          "checksum": "fd83b730367fdbde2c69bc6cf31c2a3c"
        },
        {
          "assetId": "ohDidvG9XsCeFumugENU3J",
          "checksum": "8f45a75070e2f0edc34a4dc3d5f6b736",
          "type": "globalContexts"
        }
      ],
      "codegenVersion": "0.0.1"
    },
    {
      "projectId": "tHoBsERPbb6AELT3K42D8j",
      "version": "latest",
      "dependencies": {},
      "lang": "ts",
      "fileLocks": [
        {
          "type": "globalVariant",
          "assetId": "pwpp7RrZjKOudR",
          "checksum": "8d44de0f4992ee4fdf6c931df3d4c8ae"
        },
        {
          "type": "renderModule",
          "assetId": "JAVaTjH4dQlCx",
          "checksum": "cfd467f8eb80d75948b139792e6f2914"
        },
        {
          "type": "cssRules",
          "assetId": "JAVaTjH4dQlCx",
          "checksum": "cfd467f8eb80d75948b139792e6f2914"
        },
        {
          "type": "renderModule",
          "assetId": "8TJEroAhM3k",
          "checksum": "d9b585292190586b3a16661e5b150619"
        },
        {
          "type": "cssRules",
          "assetId": "8TJEroAhM3k",
          "checksum": "d9b585292190586b3a16661e5b150619"
        },
        {
          "type": "renderModule",
          "assetId": "o3lQhnzUbOi",
          "checksum": "47c175db2652c132b6a40d068cbb2452"
        },
        {
          "type": "cssRules",
          "assetId": "o3lQhnzUbOi",
          "checksum": "47c175db2652c132b6a40d068cbb2452"
        },
        {
          "type": "icon",
          "assetId": "yHmZyJnfBLZ",
          "checksum": "e928bd0ec1d47cd7c8306a2135204a6b"
        },
        {
          "type": "icon",
          "assetId": "t8FUNEplCfi",
          "checksum": "a48231426ea0058e01ddb05ef887e940"
        },
        {
          "type": "icon",
          "assetId": "clGIZfb7y7I",
          "checksum": "df2ea72c0634ce3b292ffc32f286e124"
        },
        {
          "type": "globalVariant",
          "assetId": "1B7THS69RZ",
          "checksum": "e6378b019b728328ea92dc2be0512674"
        },
        {
          "assetId": "tHoBsERPbb6AELT3K42D8j",
          "type": "projectCss",
          "checksum": "bf5bd2c6872cf4d8cccccb3717b6e7d4"
        }
      ],
      "codegenVersion": "0.0.1"
    }
  ],
  "cliVersion": "0.1.292"
}
